// !$*UTF8*$!
{
	archiveVersion = 1;
	classes = {
	};
	objectVersion = 46;
	objects = {

/* Begin PBXBuildFile section */
		52CB56441ADD44760015F1AE /* Aspect-Appearance.m in Sources */ = {isa = PBXBuildFile; fileRef = 52CB56431ADD44760015F1AE /* Aspect-Appearance.m */; };
		52D481D11AE2A53C009838FB /* PRTimeAxisTableView.m in Sources */ = {isa = PBXBuildFile; fileRef = 52D481D01AE2A53C009838FB /* PRTimeAxisTableView.m */; };
		52D481D41AE2A592009838FB /* ActionSceneModel.m in Sources */ = {isa = PBXBuildFile; fileRef = 52D481D31AE2A592009838FB /* ActionSceneModel.m */; };
		52D481D61AE2A5B0009838FB /* PRFeedRequest.m in Sources */ = {isa = PBXBuildFile; fileRef = 52D481D51AE2A5B0009838FB /* PRFeedRequest.m */; };
		52D481DE1AE2A5DB009838FB /* PRNavigationController.m in Sources */ = {isa = PBXBuildFile; fileRef = 52D481D91AE2A5DB009838FB /* PRNavigationController.m */; };
		52D481DF1AE2A5DB009838FB /* PRTabBarController.m in Sources */ = {isa = PBXBuildFile; fileRef = 52D481DB1AE2A5DB009838FB /* PRTabBarController.m */; };
		52D481E01AE2A5DB009838FB /* PRTabBarIterm.m in Sources */ = {isa = PBXBuildFile; fileRef = 52D481DD1AE2A5DB009838FB /* PRTabBarIterm.m */; };
		EDC15DC71AE4DAB200D70A53 /* UIView+Extras.m in Sources */ = {isa = PBXBuildFile; fileRef = EDC15DC51AE4DAB200D70A53 /* UIView+Extras.m */; };
		EDC15DCB1AE4FF1F00D70A53 /* PRDataObject.m in Sources */ = {isa = PBXBuildFile; fileRef = EDC15DCA1AE4FF1F00D70A53 /* PRDataObject.m */; };
		EDC15DD01AE503BE00D70A53 /* PRDatasource.m in Sources */ = {isa = PBXBuildFile; fileRef = EDC15DCD1AE503BE00D70A53 /* PRDatasource.m */; };
		EDC15DD11AE503BE00D70A53 /* PRTableViewCell.m in Sources */ = {isa = PBXBuildFile; fileRef = EDC15DCF1AE503BE00D70A53 /* PRTableViewCell.m */; };
		EDD139051AEE33E900733906 /* NSObject+ObjectMap.m in Sources */ = {isa = PBXBuildFile; fileRef = EDD139041AEE33E900733906 /* NSObject+ObjectMap.m */; };
		EDDBA8701ADD12D300442FB9 /* main.m in Sources */ = {isa = PBXBuildFile; fileRef = EDDBA86F1ADD12D300442FB9 /* main.m */; };
		EDDBA8731ADD12D300442FB9 /* AppDelegate.m in Sources */ = {isa = PBXBuildFile; fileRef = EDDBA8721ADD12D300442FB9 /* AppDelegate.m */; };
		EDDBA8761ADD12D300442FB9 /* RootViewController.m in Sources */ = {isa = PBXBuildFile; fileRef = EDDBA8751ADD12D300442FB9 /* RootViewController.m */; };
		EDDBA8791ADD12D300442FB9 /* Main.storyboard in Resources */ = {isa = PBXBuildFile; fileRef = EDDBA8771ADD12D300442FB9 /* Main.storyboard */; };
		EDDBA87B1ADD12D300442FB9 /* Images.xcassets in Resources */ = {isa = PBXBuildFile; fileRef = EDDBA87A1ADD12D300442FB9 /* Images.xcassets */; };
		EDDBA87E1ADD12D300442FB9 /* LaunchScreen.xib in Resources */ = {isa = PBXBuildFile; fileRef = EDDBA87C1ADD12D300442FB9 /* LaunchScreen.xib */; };
		EDDBA88A1ADD12D300442FB9 /* Prime_IOSTests.m in Sources */ = {isa = PBXBuildFile; fileRef = EDDBA8891ADD12D300442FB9 /* Prime_IOSTests.m */; };
		EDDBA8AA1ADD1A5400442FB9 /* PRTimeAxisScene.m in Sources */ = {isa = PBXBuildFile; fileRef = EDDBA8A91ADD1A5400442FB9 /* PRTimeAxisScene.m */; };
		EDDBA8AD1ADD1A6000442FB9 /* PRMessageScene.m in Sources */ = {isa = PBXBuildFile; fileRef = EDDBA8AC1ADD1A6000442FB9 /* PRMessageScene.m */; };
		EDDBA8B01ADD1A6D00442FB9 /* PRPersonalScene.m in Sources */ = {isa = PBXBuildFile; fileRef = EDDBA8AF1ADD1A6D00442FB9 /* PRPersonalScene.m */; };
		EDDBA8B31ADD1A8E00442FB9 /* PREventScene.m in Sources */ = {isa = PBXBuildFile; fileRef = EDDBA8B21ADD1A8E00442FB9 /* PREventScene.m */; };
		EDE09C951ADF721000CFF733 /* DataCenter.m in Sources */ = {isa = PBXBuildFile; fileRef = EDE09C921ADF721000CFF733 /* DataCenter.m */; };
		EDE09C961ADF721000CFF733 /* UserCenter.m in Sources */ = {isa = PBXBuildFile; fileRef = EDE09C941ADF721000CFF733 /* UserCenter.m */; };
		EDFD10C91AE0989F00F0EFCF /* Aspect-Window.m in Sources */ = {isa = PBXBuildFile; fileRef = EDFD10C81AE0989F00F0EFCF /* Aspect-Window.m */; };
		EDFD10D81AE09D4D00F0EFCF /* AppendEntity.m in Sources */ = {isa = PBXBuildFile; fileRef = EDFD10CF1AE09D4D00F0EFCF /* AppendEntity.m */; };
		EDFD10D91AE09D4D00F0EFCF /* AuthorEntity.m in Sources */ = {isa = PBXBuildFile; fileRef = EDFD10D11AE09D4D00F0EFCF /* AuthorEntity.m */; };
		EDFD10DA1AE09D4D00F0EFCF /* CategoryEntity.m in Sources */ = {isa = PBXBuildFile; fileRef = EDFD10D31AE09D4D00F0EFCF /* CategoryEntity.m */; };
		EDFD10DB1AE09D4D00F0EFCF /* RuserEntity.m in Sources */ = {isa = PBXBuildFile; fileRef = EDFD10D51AE09D4D00F0EFCF /* RuserEntity.m */; };
		EDFD10DC1AE09D4D00F0EFCF /* TopicEntity.m in Sources */ = {isa = PBXBuildFile; fileRef = EDFD10D71AE09D4D00F0EFCF /* TopicEntity.m */; };
		EDFD10E71AE0A04000F0EFCF /* PRTimeAxisRequest.m in Sources */ = {isa = PBXBuildFile; fileRef = EDFD10E41AE0A04000F0EFCF /* PRTimeAxisRequest.m */; };
		EDFD10E81AE0A04000F0EFCF /* PRTimeAxisSceneModel.m in Sources */ = {isa = PBXBuildFile; fileRef = EDFD10E61AE0A04000F0EFCF /* PRTimeAxisSceneModel.m */; };
		EDFD10EC1AE0ABFD00F0EFCF /* PRTimeAxisDatasource.m in Sources */ = {isa = PBXBuildFile; fileRef = EDFD10EB1AE0ABFD00F0EFCF /* PRTimeAxisDatasource.m */; };
		EDFD10EF1AE0EB6F00F0EFCF /* PRTimeAxisTableViewCell.m in Sources */ = {isa = PBXBuildFile; fileRef = EDFD10EE1AE0EB6F00F0EFCF /* PRTimeAxisTableViewCell.m */; };
		EDFD10F21AE1042F00F0EFCF /* TopicEntityList.m in Sources */ = {isa = PBXBuildFile; fileRef = EDFD10F11AE1042F00F0EFCF /* TopicEntityList.m */; };
		EE6C42C51987D86F286F11C3 /* libPods-Prime-IOS.a in Frameworks */ = {isa = PBXBuildFile; fileRef = 5361FE6EF74CCAB3A5A142D2 /* libPods-Prime-IOS.a */; };
/* End PBXBuildFile section */

/* Begin PBXContainerItemProxy section */
		EDDBA8841ADD12D300442FB9 /* PBXContainerItemProxy */ = {
			isa = PBXContainerItemProxy;
			containerPortal = EDDBA8621ADD12D300442FB9 /* Project object */;
			proxyType = 1;
			remoteGlobalIDString = EDDBA8691ADD12D300442FB9;
			remoteInfo = "Prime-IOS";
		};
/* End PBXContainerItemProxy section */

/* Begin PBXFileReference section */
		52CB56431ADD44760015F1AE /* Aspect-Appearance.m */ = {isa = PBXFileReference; fileEncoding = 4; lastKnownFileType = sourcecode.c.objc; path = "Aspect-Appearance.m"; sourceTree = "<group>"; };
		52CB564B1ADD533D0015F1AE /* PrefixHeader.pch */ = {isa = PBXFileReference; fileEncoding = 4; lastKnownFileType = sourcecode.c.h; path = PrefixHeader.pch; sourceTree = "<group>"; };
		52D481CF1AE2A53C009838FB /* PRTimeAxisTableView.h */ = {isa = PBXFileReference; fileEncoding = 4; lastKnownFileType = sourcecode.c.h; name = PRTimeAxisTableView.h; path = Class/Scene/TimeAxis/PRTimeAxisTableView.h; sourceTree = "<group>"; };
		52D481D01AE2A53C009838FB /* PRTimeAxisTableView.m */ = {isa = PBXFileReference; fileEncoding = 4; lastKnownFileType = sourcecode.c.objc; name = PRTimeAxisTableView.m; path = Class/Scene/TimeAxis/PRTimeAxisTableView.m; sourceTree = "<group>"; };
		52D481D21AE2A592009838FB /* ActionSceneModel.h */ = {isa = PBXFileReference; fileEncoding = 4; lastKnownFileType = sourcecode.c.h; name = ActionSceneModel.h; path = Class/SceneModel/ActionSceneModel.h; sourceTree = "<group>"; };
		52D481D31AE2A592009838FB /* ActionSceneModel.m */ = {isa = PBXFileReference; fileEncoding = 4; lastKnownFileType = sourcecode.c.objc; name = ActionSceneModel.m; path = Class/SceneModel/ActionSceneModel.m; sourceTree = "<group>"; };
		52D481D51AE2A5B0009838FB /* PRFeedRequest.m */ = {isa = PBXFileReference; fileEncoding = 4; lastKnownFileType = sourcecode.c.objc; name = PRFeedRequest.m; path = Class/Resquest/PRFeedRequest.m; sourceTree = "<group>"; };
		52D481D71AE2A5BC009838FB /* PRFeedRequest.h */ = {isa = PBXFileReference; fileEncoding = 4; lastKnownFileType = sourcecode.c.h; name = PRFeedRequest.h; path = Class/Resquest/PRFeedRequest.h; sourceTree = "<group>"; };
		52D481D81AE2A5DB009838FB /* PRNavigationController.h */ = {isa = PBXFileReference; fileEncoding = 4; lastKnownFileType = sourcecode.c.h; name = PRNavigationController.h; path = Class/Scene/Bar/PRNavigationController.h; sourceTree = "<group>"; };
		52D481D91AE2A5DB009838FB /* PRNavigationController.m */ = {isa = PBXFileReference; fileEncoding = 4; lastKnownFileType = sourcecode.c.objc; name = PRNavigationController.m; path = Class/Scene/Bar/PRNavigationController.m; sourceTree = "<group>"; };
		52D481DA1AE2A5DB009838FB /* PRTabBarController.h */ = {isa = PBXFileReference; fileEncoding = 4; lastKnownFileType = sourcecode.c.h; name = PRTabBarController.h; path = Class/Scene/Bar/PRTabBarController.h; sourceTree = "<group>"; };
		52D481DB1AE2A5DB009838FB /* PRTabBarController.m */ = {isa = PBXFileReference; fileEncoding = 4; lastKnownFileType = sourcecode.c.objc; name = PRTabBarController.m; path = Class/Scene/Bar/PRTabBarController.m; sourceTree = "<group>"; };
		52D481DC1AE2A5DB009838FB /* PRTabBarIterm.h */ = {isa = PBXFileReference; fileEncoding = 4; lastKnownFileType = sourcecode.c.h; name = PRTabBarIterm.h; path = Class/Scene/Bar/PRTabBarIterm.h; sourceTree = "<group>"; };
		52D481DD1AE2A5DB009838FB /* PRTabBarIterm.m */ = {isa = PBXFileReference; fileEncoding = 4; lastKnownFileType = sourcecode.c.objc; name = PRTabBarIterm.m; path = Class/Scene/Bar/PRTabBarIterm.m; sourceTree = "<group>"; };
		5361FE6EF74CCAB3A5A142D2 /* libPods-Prime-IOS.a */ = {isa = PBXFileReference; explicitFileType = archive.ar; includeInIndex = 0; path = "libPods-Prime-IOS.a"; sourceTree = BUILT_PRODUCTS_DIR; };
		A8F67E1C9071B75776D32ACA /* Pods-Prime-IOS.debug.xcconfig */ = {isa = PBXFileReference; includeInIndex = 1; lastKnownFileType = text.xcconfig; name = "Pods-Prime-IOS.debug.xcconfig"; path = "Pods/Target Support Files/Pods-Prime-IOS/Pods-Prime-IOS.debug.xcconfig"; sourceTree = "<group>"; };
		EDC15DBD1AE4C97A00D70A53 /* MacroFile.h */ = {isa = PBXFileReference; fileEncoding = 4; lastKnownFileType = sourcecode.c.h; name = MacroFile.h; path = Class/Base/MacroFile.h; sourceTree = "<group>"; };
		EDC15DC41AE4DAB200D70A53 /* UIView+Extras.h */ = {isa = PBXFileReference; fileEncoding = 4; lastKnownFileType = sourcecode.c.h; name = "UIView+Extras.h"; path = "Class/Base/OC_Category/UIView+Extras.h"; sourceTree = "<group>"; };
		EDC15DC51AE4DAB200D70A53 /* UIView+Extras.m */ = {isa = PBXFileReference; fileEncoding = 4; lastKnownFileType = sourcecode.c.objc; name = "UIView+Extras.m"; path = "Class/Base/OC_Category/UIView+Extras.m"; sourceTree = "<group>"; };
		EDC15DC91AE4FF1F00D70A53 /* PRDataObject.h */ = {isa = PBXFileReference; fileEncoding = 4; lastKnownFileType = sourcecode.c.h; name = PRDataObject.h; path = Class/Base/Common/PRDataObject.h; sourceTree = "<group>"; };
		EDC15DCA1AE4FF1F00D70A53 /* PRDataObject.m */ = {isa = PBXFileReference; fileEncoding = 4; lastKnownFileType = sourcecode.c.objc; name = PRDataObject.m; path = Class/Base/Common/PRDataObject.m; sourceTree = "<group>"; };
		EDC15DCC1AE503BE00D70A53 /* PRDatasource.h */ = {isa = PBXFileReference; fileEncoding = 4; lastKnownFileType = sourcecode.c.h; name = PRDatasource.h; path = Class/Base/Common/PRDatasource.h; sourceTree = "<group>"; };
		EDC15DCD1AE503BE00D70A53 /* PRDatasource.m */ = {isa = PBXFileReference; fileEncoding = 4; lastKnownFileType = sourcecode.c.objc; name = PRDatasource.m; path = Class/Base/Common/PRDatasource.m; sourceTree = "<group>"; };
		EDC15DCE1AE503BE00D70A53 /* PRTableViewCell.h */ = {isa = PBXFileReference; fileEncoding = 4; lastKnownFileType = sourcecode.c.h; name = PRTableViewCell.h; path = Class/Base/Common/PRTableViewCell.h; sourceTree = "<group>"; };
		EDC15DCF1AE503BE00D70A53 /* PRTableViewCell.m */ = {isa = PBXFileReference; fileEncoding = 4; lastKnownFileType = sourcecode.c.objc; name = PRTableViewCell.m; path = Class/Base/Common/PRTableViewCell.m; sourceTree = "<group>"; };
		EDD139031AEE33E900733906 /* NSObject+ObjectMap.h */ = {isa = PBXFileReference; fileEncoding = 4; lastKnownFileType = sourcecode.c.h; name = "NSObject+ObjectMap.h"; path = "Class/Base/OC_Category/NSObject+ObjectMap.h"; sourceTree = "<group>"; };
		EDD139041AEE33E900733906 /* NSObject+ObjectMap.m */ = {isa = PBXFileReference; fileEncoding = 4; lastKnownFileType = sourcecode.c.objc; name = "NSObject+ObjectMap.m"; path = "Class/Base/OC_Category/NSObject+ObjectMap.m"; sourceTree = "<group>"; };
		EDDBA86A1ADD12D300442FB9 /* Prime-IOS.app */ = {isa = PBXFileReference; explicitFileType = wrapper.application; includeInIndex = 0; path = "Prime-IOS.app"; sourceTree = BUILT_PRODUCTS_DIR; };
		EDDBA86E1ADD12D300442FB9 /* Info.plist */ = {isa = PBXFileReference; lastKnownFileType = text.plist.xml; path = Info.plist; sourceTree = "<group>"; };
		EDDBA86F1ADD12D300442FB9 /* main.m */ = {isa = PBXFileReference; lastKnownFileType = sourcecode.c.objc; path = main.m; sourceTree = "<group>"; };
		EDDBA8711ADD12D300442FB9 /* AppDelegate.h */ = {isa = PBXFileReference; lastKnownFileType = sourcecode.c.h; path = AppDelegate.h; sourceTree = "<group>"; };
		EDDBA8721ADD12D300442FB9 /* AppDelegate.m */ = {isa = PBXFileReference; lastKnownFileType = sourcecode.c.objc; path = AppDelegate.m; sourceTree = "<group>"; };
		EDDBA8741ADD12D300442FB9 /* RootViewController.h */ = {isa = PBXFileReference; lastKnownFileType = sourcecode.c.h; path = RootViewController.h; sourceTree = "<group>"; };
		EDDBA8751ADD12D300442FB9 /* RootViewController.m */ = {isa = PBXFileReference; lastKnownFileType = sourcecode.c.objc; path = RootViewController.m; sourceTree = "<group>"; };
		EDDBA8781ADD12D300442FB9 /* Base */ = {isa = PBXFileReference; lastKnownFileType = file.storyboard; name = Base; path = Base.lproj/Main.storyboard; sourceTree = "<group>"; };
		EDDBA87A1ADD12D300442FB9 /* Images.xcassets */ = {isa = PBXFileReference; lastKnownFileType = folder.assetcatalog; path = Images.xcassets; sourceTree = "<group>"; };
		EDDBA87D1ADD12D300442FB9 /* Base */ = {isa = PBXFileReference; lastKnownFileType = file.xib; name = Base; path = Base.lproj/LaunchScreen.xib; sourceTree = "<group>"; };
		EDDBA8831ADD12D300442FB9 /* Prime-IOSTests.xctest */ = {isa = PBXFileReference; explicitFileType = wrapper.cfbundle; includeInIndex = 0; path = "Prime-IOSTests.xctest"; sourceTree = BUILT_PRODUCTS_DIR; };
		EDDBA8881ADD12D300442FB9 /* Info.plist */ = {isa = PBXFileReference; lastKnownFileType = text.plist.xml; path = Info.plist; sourceTree = "<group>"; };
		EDDBA8891ADD12D300442FB9 /* Prime_IOSTests.m */ = {isa = PBXFileReference; lastKnownFileType = sourcecode.c.objc; path = Prime_IOSTests.m; sourceTree = "<group>"; };
		EDDBA8A81ADD1A5400442FB9 /* PRTimeAxisScene.h */ = {isa = PBXFileReference; fileEncoding = 4; lastKnownFileType = sourcecode.c.h; name = PRTimeAxisScene.h; path = Class/Scene/TimeAxis/PRTimeAxisScene.h; sourceTree = "<group>"; };
		EDDBA8A91ADD1A5400442FB9 /* PRTimeAxisScene.m */ = {isa = PBXFileReference; fileEncoding = 4; lastKnownFileType = sourcecode.c.objc; name = PRTimeAxisScene.m; path = Class/Scene/TimeAxis/PRTimeAxisScene.m; sourceTree = "<group>"; };
		EDDBA8AB1ADD1A6000442FB9 /* PRMessageScene.h */ = {isa = PBXFileReference; fileEncoding = 4; lastKnownFileType = sourcecode.c.h; name = PRMessageScene.h; path = Class/Scene/Message/PRMessageScene.h; sourceTree = "<group>"; };
		EDDBA8AC1ADD1A6000442FB9 /* PRMessageScene.m */ = {isa = PBXFileReference; fileEncoding = 4; lastKnownFileType = sourcecode.c.objc; name = PRMessageScene.m; path = Class/Scene/Message/PRMessageScene.m; sourceTree = "<group>"; };
		EDDBA8AE1ADD1A6D00442FB9 /* PRPersonalScene.h */ = {isa = PBXFileReference; fileEncoding = 4; lastKnownFileType = sourcecode.c.h; name = PRPersonalScene.h; path = Class/Scene/Personal/PRPersonalScene.h; sourceTree = "<group>"; };
		EDDBA8AF1ADD1A6D00442FB9 /* PRPersonalScene.m */ = {isa = PBXFileReference; fileEncoding = 4; lastKnownFileType = sourcecode.c.objc; name = PRPersonalScene.m; path = Class/Scene/Personal/PRPersonalScene.m; sourceTree = "<group>"; };
		EDDBA8B11ADD1A8E00442FB9 /* PREventScene.h */ = {isa = PBXFileReference; fileEncoding = 4; lastKnownFileType = sourcecode.c.h; name = PREventScene.h; path = Class/Scene/Event/PREventScene.h; sourceTree = "<group>"; };
		EDDBA8B21ADD1A8E00442FB9 /* PREventScene.m */ = {isa = PBXFileReference; fileEncoding = 4; lastKnownFileType = sourcecode.c.objc; name = PREventScene.m; path = Class/Scene/Event/PREventScene.m; sourceTree = "<group>"; };
		EDE09C911ADF721000CFF733 /* DataCenter.h */ = {isa = PBXFileReference; fileEncoding = 4; lastKnownFileType = sourcecode.c.h; name = DataCenter.h; path = Class/Data/DataCenter.h; sourceTree = "<group>"; };
		EDE09C921ADF721000CFF733 /* DataCenter.m */ = {isa = PBXFileReference; fileEncoding = 4; lastKnownFileType = sourcecode.c.objc; name = DataCenter.m; path = Class/Data/DataCenter.m; sourceTree = "<group>"; };
		EDE09C931ADF721000CFF733 /* UserCenter.h */ = {isa = PBXFileReference; fileEncoding = 4; lastKnownFileType = sourcecode.c.h; name = UserCenter.h; path = Class/Data/UserCenter.h; sourceTree = "<group>"; };
		EDE09C941ADF721000CFF733 /* UserCenter.m */ = {isa = PBXFileReference; fileEncoding = 4; lastKnownFileType = sourcecode.c.objc; name = UserCenter.m; path = Class/Data/UserCenter.m; sourceTree = "<group>"; };
		EDFD10C81AE0989F00F0EFCF /* Aspect-Window.m */ = {isa = PBXFileReference; fileEncoding = 4; lastKnownFileType = sourcecode.c.objc; path = "Aspect-Window.m"; sourceTree = "<group>"; };
		EDFD10CE1AE09D4D00F0EFCF /* AppendEntity.h */ = {isa = PBXFileReference; fileEncoding = 4; lastKnownFileType = sourcecode.c.h; name = AppendEntity.h; path = Class/Model/AppendEntity.h; sourceTree = "<group>"; };
		EDFD10CF1AE09D4D00F0EFCF /* AppendEntity.m */ = {isa = PBXFileReference; fileEncoding = 4; lastKnownFileType = sourcecode.c.objc; name = AppendEntity.m; path = Class/Model/AppendEntity.m; sourceTree = "<group>"; };
		EDFD10D01AE09D4D00F0EFCF /* AuthorEntity.h */ = {isa = PBXFileReference; fileEncoding = 4; lastKnownFileType = sourcecode.c.h; name = AuthorEntity.h; path = Class/Model/AuthorEntity.h; sourceTree = "<group>"; };
		EDFD10D11AE09D4D00F0EFCF /* AuthorEntity.m */ = {isa = PBXFileReference; fileEncoding = 4; lastKnownFileType = sourcecode.c.objc; name = AuthorEntity.m; path = Class/Model/AuthorEntity.m; sourceTree = "<group>"; };
		EDFD10D21AE09D4D00F0EFCF /* CategoryEntity.h */ = {isa = PBXFileReference; fileEncoding = 4; lastKnownFileType = sourcecode.c.h; name = CategoryEntity.h; path = Class/Model/CategoryEntity.h; sourceTree = "<group>"; };
		EDFD10D31AE09D4D00F0EFCF /* CategoryEntity.m */ = {isa = PBXFileReference; fileEncoding = 4; lastKnownFileType = sourcecode.c.objc; name = CategoryEntity.m; path = Class/Model/CategoryEntity.m; sourceTree = "<group>"; };
		EDFD10D41AE09D4D00F0EFCF /* RuserEntity.h */ = {isa = PBXFileReference; fileEncoding = 4; lastKnownFileType = sourcecode.c.h; name = RuserEntity.h; path = Class/Model/RuserEntity.h; sourceTree = "<group>"; };
		EDFD10D51AE09D4D00F0EFCF /* RuserEntity.m */ = {isa = PBXFileReference; fileEncoding = 4; lastKnownFileType = sourcecode.c.objc; name = RuserEntity.m; path = Class/Model/RuserEntity.m; sourceTree = "<group>"; };
		EDFD10D61AE09D4D00F0EFCF /* TopicEntity.h */ = {isa = PBXFileReference; fileEncoding = 4; lastKnownFileType = sourcecode.c.h; name = TopicEntity.h; path = Class/Model/TopicEntity.h; sourceTree = "<group>"; };
		EDFD10D71AE09D4D00F0EFCF /* TopicEntity.m */ = {isa = PBXFileReference; fileEncoding = 4; lastKnownFileType = sourcecode.c.objc; name = TopicEntity.m; path = Class/Model/TopicEntity.m; sourceTree = "<group>"; };
		EDFD10E31AE0A04000F0EFCF /* PRTimeAxisRequest.h */ = {isa = PBXFileReference; fileEncoding = 4; lastKnownFileType = sourcecode.c.h; name = PRTimeAxisRequest.h; path = Class/Scene/TimeAxis/PRTimeAxisRequest.h; sourceTree = "<group>"; };
		EDFD10E41AE0A04000F0EFCF /* PRTimeAxisRequest.m */ = {isa = PBXFileReference; fileEncoding = 4; lastKnownFileType = sourcecode.c.objc; name = PRTimeAxisRequest.m; path = Class/Scene/TimeAxis/PRTimeAxisRequest.m; sourceTree = "<group>"; };
		EDFD10E51AE0A04000F0EFCF /* PRTimeAxisSceneModel.h */ = {isa = PBXFileReference; fileEncoding = 4; lastKnownFileType = sourcecode.c.h; name = PRTimeAxisSceneModel.h; path = Class/Scene/TimeAxis/PRTimeAxisSceneModel.h; sourceTree = "<group>"; };
		EDFD10E61AE0A04000F0EFCF /* PRTimeAxisSceneModel.m */ = {isa = PBXFileReference; fileEncoding = 4; lastKnownFileType = sourcecode.c.objc; name = PRTimeAxisSceneModel.m; path = Class/Scene/TimeAxis/PRTimeAxisSceneModel.m; sourceTree = "<group>"; };
		EDFD10EA1AE0ABFD00F0EFCF /* PRTimeAxisDatasource.h */ = {isa = PBXFileReference; fileEncoding = 4; lastKnownFileType = sourcecode.c.h; name = PRTimeAxisDatasource.h; path = Class/Scene/TimeAxis/PRTimeAxisDatasource.h; sourceTree = "<group>"; };
		EDFD10EB1AE0ABFD00F0EFCF /* PRTimeAxisDatasource.m */ = {isa = PBXFileReference; fileEncoding = 4; lastKnownFileType = sourcecode.c.objc; name = PRTimeAxisDatasource.m; path = Class/Scene/TimeAxis/PRTimeAxisDatasource.m; sourceTree = "<group>"; };
		EDFD10ED1AE0EB6F00F0EFCF /* PRTimeAxisTableViewCell.h */ = {isa = PBXFileReference; fileEncoding = 4; lastKnownFileType = sourcecode.c.h; name = PRTimeAxisTableViewCell.h; path = Class/Scene/TimeAxis/PRTimeAxisTableViewCell.h; sourceTree = "<group>"; };
		EDFD10EE1AE0EB6F00F0EFCF /* PRTimeAxisTableViewCell.m */ = {isa = PBXFileReference; fileEncoding = 4; lastKnownFileType = sourcecode.c.objc; name = PRTimeAxisTableViewCell.m; path = Class/Scene/TimeAxis/PRTimeAxisTableViewCell.m; sourceTree = "<group>"; };
		EDFD10F01AE1042F00F0EFCF /* TopicEntityList.h */ = {isa = PBXFileReference; fileEncoding = 4; lastKnownFileType = sourcecode.c.h; name = TopicEntityList.h; path = Class/Model/TopicEntityList.h; sourceTree = "<group>"; };
		EDFD10F11AE1042F00F0EFCF /* TopicEntityList.m */ = {isa = PBXFileReference; fileEncoding = 4; lastKnownFileType = sourcecode.c.objc; name = TopicEntityList.m; path = Class/Model/TopicEntityList.m; sourceTree = "<group>"; };
		F825AA23A6CCFC729DF8636C /* Pods-Prime-IOS.release.xcconfig */ = {isa = PBXFileReference; includeInIndex = 1; lastKnownFileType = text.xcconfig; name = "Pods-Prime-IOS.release.xcconfig"; path = "Pods/Target Support Files/Pods-Prime-IOS/Pods-Prime-IOS.release.xcconfig"; sourceTree = "<group>"; };
/* End PBXFileReference section */

/* Begin PBXFrameworksBuildPhase section */
		EDDBA8671ADD12D300442FB9 /* Frameworks */ = {
			isa = PBXFrameworksBuildPhase;
			buildActionMask = 2147483647;
			files = (
				EE6C42C51987D86F286F11C3 /* libPods-Prime-IOS.a in Frameworks */,
			);
			runOnlyForDeploymentPostprocessing = 0;
		};
		EDDBA8801ADD12D300442FB9 /* Frameworks */ = {
			isa = PBXFrameworksBuildPhase;
			buildActionMask = 2147483647;
			files = (
			);
			runOnlyForDeploymentPostprocessing = 0;
		};
/* End PBXFrameworksBuildPhase section */

/* Begin PBXGroup section */
		52AD2C5D1ADFF81200716681 /* Model */ = {
			isa = PBXGroup;
			children = (
				EDFD10CE1AE09D4D00F0EFCF /* AppendEntity.h */,
				EDFD10CF1AE09D4D00F0EFCF /* AppendEntity.m */,
				EDFD10D01AE09D4D00F0EFCF /* AuthorEntity.h */,
				EDFD10D11AE09D4D00F0EFCF /* AuthorEntity.m */,
				EDFD10D21AE09D4D00F0EFCF /* CategoryEntity.h */,
				EDFD10D31AE09D4D00F0EFCF /* CategoryEntity.m */,
				EDFD10D41AE09D4D00F0EFCF /* RuserEntity.h */,
				EDFD10D51AE09D4D00F0EFCF /* RuserEntity.m */,
				EDFD10D61AE09D4D00F0EFCF /* TopicEntity.h */,
				EDFD10D71AE09D4D00F0EFCF /* TopicEntity.m */,
				EDFD10F01AE1042F00F0EFCF /* TopicEntityList.h */,
				EDFD10F11AE1042F00F0EFCF /* TopicEntityList.m */,
			);
			name = Model;
			sourceTree = "<group>";
		};
		52D481C71AE28A88009838FB /* SceneModel */ = {
			isa = PBXGroup;
			children = (
				52D481D21AE2A592009838FB /* ActionSceneModel.h */,
				52D481D31AE2A592009838FB /* ActionSceneModel.m */,
			);
			name = SceneModel;
			sourceTree = "<group>";
		};
		52D481CB1AE28BC1009838FB /* Request */ = {
			isa = PBXGroup;
			children = (
				52D481D71AE2A5BC009838FB /* PRFeedRequest.h */,
				52D481D51AE2A5B0009838FB /* PRFeedRequest.m */,
			);
			name = Request;
			sourceTree = "<group>";
		};
		52D88AC11AE3F26B00993011 /* Base */ = {
			isa = PBXGroup;
			children = (
				EDC15DC81AE4FEE800D70A53 /* Common */,
				EDC15DC11AE4D97400D70A53 /* OC_Category */,
			);
			name = Base;
			sourceTree = "<group>";
		};
		6D690ED61C4A5E07F3F97BE8 /* Frameworks */ = {
			isa = PBXGroup;
			children = (
				5361FE6EF74CCAB3A5A142D2 /* libPods-Prime-IOS.a */,
			);
			name = Frameworks;
			sourceTree = "<group>";
		};
		BD62FD5DF03479583DD124DC /* Pods */ = {
			isa = PBXGroup;
			children = (
				A8F67E1C9071B75776D32ACA /* Pods-Prime-IOS.debug.xcconfig */,
				F825AA23A6CCFC729DF8636C /* Pods-Prime-IOS.release.xcconfig */,
			);
			name = Pods;
			sourceTree = "<group>";
		};
		EDC15DC11AE4D97400D70A53 /* OC_Category */ = {
			isa = PBXGroup;
			children = (
				EDD139031AEE33E900733906 /* NSObject+ObjectMap.h */,
				EDD139041AEE33E900733906 /* NSObject+ObjectMap.m */,
				EDC15DC41AE4DAB200D70A53 /* UIView+Extras.h */,
				EDC15DC51AE4DAB200D70A53 /* UIView+Extras.m */,
			);
			name = OC_Category;
			sourceTree = "<group>";
		};
		EDC15DC81AE4FEE800D70A53 /* Common */ = {
			isa = PBXGroup;
			children = (
				EDC15DCC1AE503BE00D70A53 /* PRDatasource.h */,
				EDC15DCD1AE503BE00D70A53 /* PRDatasource.m */,
				EDC15DCE1AE503BE00D70A53 /* PRTableViewCell.h */,
				EDC15DCF1AE503BE00D70A53 /* PRTableViewCell.m */,
				EDC15DC91AE4FF1F00D70A53 /* PRDataObject.h */,
				EDC15DCA1AE4FF1F00D70A53 /* PRDataObject.m */,
			);
			name = Common;
			sourceTree = "<group>";
		};
		EDDBA8611ADD12D300442FB9 = {
			isa = PBXGroup;
			children = (
				EDDBA86C1ADD12D300442FB9 /* Prime-IOS */,
				EDDBA8861ADD12D300442FB9 /* Prime-IOSTests */,
				EDDBA86B1ADD12D300442FB9 /* Products */,
				BD62FD5DF03479583DD124DC /* Pods */,
				6D690ED61C4A5E07F3F97BE8 /* Frameworks */,
			);
			sourceTree = "<group>";
		};
		EDDBA86B1ADD12D300442FB9 /* Products */ = {
			isa = PBXGroup;
			children = (
				EDDBA86A1ADD12D300442FB9 /* Prime-IOS.app */,
				EDDBA8831ADD12D300442FB9 /* Prime-IOSTests.xctest */,
			);
			name = Products;
			sourceTree = "<group>";
		};
		EDDBA86C1ADD12D300442FB9 /* Prime-IOS */ = {
			isa = PBXGroup;
			children = (
				EDDBA8711ADD12D300442FB9 /* AppDelegate.h */,
				EDDBA8721ADD12D300442FB9 /* AppDelegate.m */,
				EDDBA8741ADD12D300442FB9 /* RootViewController.h */,
				EDDBA8751ADD12D300442FB9 /* RootViewController.m */,
				EDDBA8931ADD15C200442FB9 /* Class */,
				EDDBA8771ADD12D300442FB9 /* Main.storyboard */,
				EDDBA87A1ADD12D300442FB9 /* Images.xcassets */,
				EDDBA87C1ADD12D300442FB9 /* LaunchScreen.xib */,
				EDDBA86D1ADD12D300442FB9 /* Supporting Files */,
			);
			path = "Prime-IOS";
			sourceTree = "<group>";
		};
		EDDBA86D1ADD12D300442FB9 /* Supporting Files */ = {
			isa = PBXGroup;
			children = (
				52CB56431ADD44760015F1AE /* Aspect-Appearance.m */,
				EDFD10C81AE0989F00F0EFCF /* Aspect-Window.m */,
				EDDBA86E1ADD12D300442FB9 /* Info.plist */,
				EDDBA86F1ADD12D300442FB9 /* main.m */,
				52CB564B1ADD533D0015F1AE /* PrefixHeader.pch */,
				EDC15DBD1AE4C97A00D70A53 /* MacroFile.h */,
			);
			name = "Supporting Files";
			sourceTree = "<group>";
		};
		EDDBA8861ADD12D300442FB9 /* Prime-IOSTests */ = {
			isa = PBXGroup;
			children = (
				EDDBA8891ADD12D300442FB9 /* Prime_IOSTests.m */,
				EDDBA8871ADD12D300442FB9 /* Supporting Files */,
			);
			path = "Prime-IOSTests";
			sourceTree = "<group>";
		};
		EDDBA8871ADD12D300442FB9 /* Supporting Files */ = {
			isa = PBXGroup;
			children = (
				EDDBA8881ADD12D300442FB9 /* Info.plist */,
			);
			name = "Supporting Files";
			sourceTree = "<group>";
		};
		EDDBA8931ADD15C200442FB9 /* Class */ = {
			isa = PBXGroup;
			children = (
				52D88AC11AE3F26B00993011 /* Base */,
				52D481CB1AE28BC1009838FB /* Request */,
				52D481C71AE28A88009838FB /* SceneModel */,
				52AD2C5D1ADFF81200716681 /* Model */,
				EDE09C901ADF720600CFF733 /* Data */,
				EDDBA8A71ADD1A1800442FB9 /* Scene */,
			);
			name = Class;
			sourceTree = "<group>";
		};
		EDDBA8941ADD15CF00442FB9 /* TimeAxis */ = {
			isa = PBXGroup;
			children = (
				EDDBA8A81ADD1A5400442FB9 /* PRTimeAxisScene.h */,
				EDDBA8A91ADD1A5400442FB9 /* PRTimeAxisScene.m */,
				52D481CF1AE2A53C009838FB /* PRTimeAxisTableView.h */,
				52D481D01AE2A53C009838FB /* PRTimeAxisTableView.m */,
				EDFD10E51AE0A04000F0EFCF /* PRTimeAxisSceneModel.h */,
				EDFD10E61AE0A04000F0EFCF /* PRTimeAxisSceneModel.m */,
				EDFD10E31AE0A04000F0EFCF /* PRTimeAxisRequest.h */,
				EDFD10E41AE0A04000F0EFCF /* PRTimeAxisRequest.m */,
				EDFD10EA1AE0ABFD00F0EFCF /* PRTimeAxisDatasource.h */,
				EDFD10EB1AE0ABFD00F0EFCF /* PRTimeAxisDatasource.m */,
				EDFD10ED1AE0EB6F00F0EFCF /* PRTimeAxisTableViewCell.h */,
				EDFD10EE1AE0EB6F00F0EFCF /* PRTimeAxisTableViewCell.m */,
			);
			name = TimeAxis;
			sourceTree = "<group>";
		};
		EDDBA8951ADD161400442FB9 /* Message */ = {
			isa = PBXGroup;
			children = (
				EDDBA8AB1ADD1A6000442FB9 /* PRMessageScene.h */,
				EDDBA8AC1ADD1A6000442FB9 /* PRMessageScene.m */,
			);
			name = Message;
			sourceTree = "<group>";
		};
		EDDBA8961ADD162900442FB9 /* Personal */ = {
			isa = PBXGroup;
			children = (
				EDDBA8AE1ADD1A6D00442FB9 /* PRPersonalScene.h */,
				EDDBA8AF1ADD1A6D00442FB9 /* PRPersonalScene.m */,
			);
			name = Personal;
			sourceTree = "<group>";
		};
		EDDBA8971ADD164700442FB9 /* Event */ = {
			isa = PBXGroup;
			children = (
				EDDBA8B11ADD1A8E00442FB9 /* PREventScene.h */,
				EDDBA8B21ADD1A8E00442FB9 /* PREventScene.m */,
			);
			name = Event;
			sourceTree = "<group>";
		};
		EDDBA8A71ADD1A1800442FB9 /* Scene */ = {
			isa = PBXGroup;
			children = (
				EDDBA8971ADD164700442FB9 /* Event */,
				EDDBA8961ADD162900442FB9 /* Personal */,
				EDDBA8951ADD161400442FB9 /* Message */,
				EDDBA8941ADD15CF00442FB9 /* TimeAxis */,
				EDFD10E91AE0A07500F0EFCF /* Bar */,
			);
			name = Scene;
			sourceTree = "<group>";
		};
		EDE09C901ADF720600CFF733 /* Data */ = {
			isa = PBXGroup;
			children = (
				EDE09C911ADF721000CFF733 /* DataCenter.h */,
				EDE09C921ADF721000CFF733 /* DataCenter.m */,
				EDE09C931ADF721000CFF733 /* UserCenter.h */,
				EDE09C941ADF721000CFF733 /* UserCenter.m */,
			);
			name = Data;
			sourceTree = "<group>";
		};
		EDFD10E91AE0A07500F0EFCF /* Bar */ = {
			isa = PBXGroup;
			children = (
				52D481D81AE2A5DB009838FB /* PRNavigationController.h */,
				52D481D91AE2A5DB009838FB /* PRNavigationController.m */,
				52D481DA1AE2A5DB009838FB /* PRTabBarController.h */,
				52D481DB1AE2A5DB009838FB /* PRTabBarController.m */,
				52D481DC1AE2A5DB009838FB /* PRTabBarIterm.h */,
				52D481DD1AE2A5DB009838FB /* PRTabBarIterm.m */,
			);
			name = Bar;
			sourceTree = "<group>";
		};
/* End PBXGroup section */

/* Begin PBXNativeTarget section */
		EDDBA8691ADD12D300442FB9 /* Prime-IOS */ = {
			isa = PBXNativeTarget;
			buildConfigurationList = EDDBA88D1ADD12D300442FB9 /* Build configuration list for PBXNativeTarget "Prime-IOS" */;
			buildPhases = (
				F0D7556291A31814D8905859 /* Check Pods Manifest.lock */,
				EDDBA8661ADD12D300442FB9 /* Sources */,
				EDDBA8671ADD12D300442FB9 /* Frameworks */,
				EDDBA8681ADD12D300442FB9 /* Resources */,
				CB75809B6133E83729FCEFD2 /* Copy Pods Resources */,
			);
			buildRules = (
			);
			dependencies = (
			);
			name = "Prime-IOS";
			productName = "Prime-IOS";
			productReference = EDDBA86A1ADD12D300442FB9 /* Prime-IOS.app */;
			productType = "com.apple.product-type.application";
		};
		EDDBA8821ADD12D300442FB9 /* Prime-IOSTests */ = {
			isa = PBXNativeTarget;
			buildConfigurationList = EDDBA8901ADD12D300442FB9 /* Build configuration list for PBXNativeTarget "Prime-IOSTests" */;
			buildPhases = (
				EDDBA87F1ADD12D300442FB9 /* Sources */,
				EDDBA8801ADD12D300442FB9 /* Frameworks */,
				EDDBA8811ADD12D300442FB9 /* Resources */,
			);
			buildRules = (
			);
			dependencies = (
				EDDBA8851ADD12D300442FB9 /* PBXTargetDependency */,
			);
			name = "Prime-IOSTests";
			productName = "Prime-IOSTests";
			productReference = EDDBA8831ADD12D300442FB9 /* Prime-IOSTests.xctest */;
			productType = "com.apple.product-type.bundle.unit-test";
		};
/* End PBXNativeTarget section */

/* Begin PBXProject section */
		EDDBA8621ADD12D300442FB9 /* Project object */ = {
			isa = PBXProject;
			attributes = {
				LastUpgradeCheck = 0620;
				ORGANIZATIONNAME = EasyIOS;
				TargetAttributes = {
					EDDBA8691ADD12D300442FB9 = {
						CreatedOnToolsVersion = 6.2;
					};
					EDDBA8821ADD12D300442FB9 = {
						CreatedOnToolsVersion = 6.2;
						TestTargetID = EDDBA8691ADD12D300442FB9;
					};
				};
			};
			buildConfigurationList = EDDBA8651ADD12D300442FB9 /* Build configuration list for PBXProject "Prime-IOS" */;
			compatibilityVersion = "Xcode 3.2";
			developmentRegion = English;
			hasScannedForEncodings = 0;
			knownRegions = (
				en,
				Base,
			);
			mainGroup = EDDBA8611ADD12D300442FB9;
			productRefGroup = EDDBA86B1ADD12D300442FB9 /* Products */;
			projectDirPath = "";
			projectRoot = "";
			targets = (
				EDDBA8691ADD12D300442FB9 /* Prime-IOS */,
				EDDBA8821ADD12D300442FB9 /* Prime-IOSTests */,
			);
		};
/* End PBXProject section */

/* Begin PBXResourcesBuildPhase section */
		EDDBA8681ADD12D300442FB9 /* Resources */ = {
			isa = PBXResourcesBuildPhase;
			buildActionMask = 2147483647;
			files = (
				EDDBA8791ADD12D300442FB9 /* Main.storyboard in Resources */,
				EDDBA87E1ADD12D300442FB9 /* LaunchScreen.xib in Resources */,
				EDDBA87B1ADD12D300442FB9 /* Images.xcassets in Resources */,
			);
			runOnlyForDeploymentPostprocessing = 0;
		};
		EDDBA8811ADD12D300442FB9 /* Resources */ = {
			isa = PBXResourcesBuildPhase;
			buildActionMask = 2147483647;
			files = (
			);
			runOnlyForDeploymentPostprocessing = 0;
		};
/* End PBXResourcesBuildPhase section */

/* Begin PBXShellScriptBuildPhase section */
		CB75809B6133E83729FCEFD2 /* Copy Pods Resources */ = {
			isa = PBXShellScriptBuildPhase;
			buildActionMask = 2147483647;
			files = (
			);
			inputPaths = (
			);
			name = "Copy Pods Resources";
			outputPaths = (
			);
			runOnlyForDeploymentPostprocessing = 0;
			shellPath = /bin/sh;
			shellScript = "\"${SRCROOT}/Pods/Target Support Files/Pods-Prime-IOS/Pods-Prime-IOS-resources.sh\"\n";
			showEnvVarsInLog = 0;
		};
		F0D7556291A31814D8905859 /* Check Pods Manifest.lock */ = {
			isa = PBXShellScriptBuildPhase;
			buildActionMask = 2147483647;
			files = (
			);
			inputPaths = (
			);
			name = "Check Pods Manifest.lock";
			outputPaths = (
			);
			runOnlyForDeploymentPostprocessing = 0;
			shellPath = /bin/sh;
			shellScript = "diff \"${PODS_ROOT}/../Podfile.lock\" \"${PODS_ROOT}/Manifest.lock\" > /dev/null\nif [[ $? != 0 ]] ; then\n    cat << EOM\nerror: The sandbox is not in sync with the Podfile.lock. Run 'pod install' or update your CocoaPods installation.\nEOM\n    exit 1\nfi\n";
			showEnvVarsInLog = 0;
		};
/* End PBXShellScriptBuildPhase section */

/* Begin PBXSourcesBuildPhase section */
		EDDBA8661ADD12D300442FB9 /* Sources */ = {
			isa = PBXSourcesBuildPhase;
			buildActionMask = 2147483647;
			files = (
				EDC15DCB1AE4FF1F00D70A53 /* PRDataObject.m in Sources */,
				EDFD10DC1AE09D4D00F0EFCF /* TopicEntity.m in Sources */,
				EDFD10E71AE0A04000F0EFCF /* PRTimeAxisRequest.m in Sources */,
				EDFD10EC1AE0ABFD00F0EFCF /* PRTimeAxisDatasource.m in Sources */,
				EDC15DC71AE4DAB200D70A53 /* UIView+Extras.m in Sources */,
				EDDBA8B01ADD1A6D00442FB9 /* PRPersonalScene.m in Sources */,
				EDDBA8AA1ADD1A5400442FB9 /* PRTimeAxisScene.m in Sources */,
				EDD139051AEE33E900733906 /* NSObject+ObjectMap.m in Sources */,
				EDFD10DB1AE09D4D00F0EFCF /* RuserEntity.m in Sources */,
				EDE09C961ADF721000CFF733 /* UserCenter.m in Sources */,
				52D481D61AE2A5B0009838FB /* PRFeedRequest.m in Sources */,
				52D481DF1AE2A5DB009838FB /* PRTabBarController.m in Sources */,
				EDFD10D91AE09D4D00F0EFCF /* AuthorEntity.m in Sources */,
				52D481D11AE2A53C009838FB /* PRTimeAxisTableView.m in Sources */,
				EDDBA8B31ADD1A8E00442FB9 /* PREventScene.m in Sources */,
				52CB56441ADD44760015F1AE /* Aspect-Appearance.m in Sources */,
				52D481D41AE2A592009838FB /* ActionSceneModel.m in Sources */,
				EDFD10F21AE1042F00F0EFCF /* TopicEntityList.m in Sources */,
				EDFD10DA1AE09D4D00F0EFCF /* CategoryEntity.m in Sources */,
				EDDBA8761ADD12D300442FB9 /* RootViewController.m in Sources */,
				EDFD10D81AE09D4D00F0EFCF /* AppendEntity.m in Sources */,
				52D481DE1AE2A5DB009838FB /* PRNavigationController.m in Sources */,
				EDFD10C91AE0989F00F0EFCF /* Aspect-Window.m in Sources */,
				EDC15DD01AE503BE00D70A53 /* PRDatasource.m in Sources */,
				EDC15DD11AE503BE00D70A53 /* PRTableViewCell.m in Sources */,
				EDDBA8AD1ADD1A6000442FB9 /* PRMessageScene.m in Sources */,
				EDFD10E81AE0A04000F0EFCF /* PRTimeAxisSceneModel.m in Sources */,
				52D481E01AE2A5DB009838FB /* PRTabBarIterm.m in Sources */,
				EDDBA8731ADD12D300442FB9 /* AppDelegate.m in Sources */,
				EDE09C951ADF721000CFF733 /* DataCenter.m in Sources */,
				EDFD10EF1AE0EB6F00F0EFCF /* PRTimeAxisTableViewCell.m in Sources */,
				EDDBA8701ADD12D300442FB9 /* main.m in Sources */,
			);
			runOnlyForDeploymentPostprocessing = 0;
		};
		EDDBA87F1ADD12D300442FB9 /* Sources */ = {
			isa = PBXSourcesBuildPhase;
			buildActionMask = 2147483647;
			files = (
				EDDBA88A1ADD12D300442FB9 /* Prime_IOSTests.m in Sources */,
			);
			runOnlyForDeploymentPostprocessing = 0;
		};
/* End PBXSourcesBuildPhase section */

/* Begin PBXTargetDependency section */
		EDDBA8851ADD12D300442FB9 /* PBXTargetDependency */ = {
			isa = PBXTargetDependency;
			target = EDDBA8691ADD12D300442FB9 /* Prime-IOS */;
			targetProxy = EDDBA8841ADD12D300442FB9 /* PBXContainerItemProxy */;
		};
/* End PBXTargetDependency section */

/* Begin PBXVariantGroup section */
		EDDBA8771ADD12D300442FB9 /* Main.storyboard */ = {
			isa = PBXVariantGroup;
			children = (
				EDDBA8781ADD12D300442FB9 /* Base */,
			);
			name = Main.storyboard;
			sourceTree = "<group>";
		};
		EDDBA87C1ADD12D300442FB9 /* LaunchScreen.xib */ = {
			isa = PBXVariantGroup;
			children = (
				EDDBA87D1ADD12D300442FB9 /* Base */,
			);
			name = LaunchScreen.xib;
			sourceTree = "<group>";
		};
/* End PBXVariantGroup section */

/* Begin XCBuildConfiguration section */
		EDDBA88B1ADD12D300442FB9 /* Debug */ = {
			isa = XCBuildConfiguration;
			buildSettings = {
				ALWAYS_SEARCH_USER_PATHS = NO;
				CLANG_CXX_LANGUAGE_STANDARD = "gnu++0x";
				CLANG_CXX_LIBRARY = "libc++";
				CLANG_ENABLE_MODULES = YES;
				CLANG_ENABLE_OBJC_ARC = YES;
				CLANG_WARN_BOOL_CONVERSION = YES;
				CLANG_WARN_CONSTANT_CONVERSION = YES;
				CLANG_WARN_DIRECT_OBJC_ISA_USAGE = YES_ERROR;
				CLANG_WARN_EMPTY_BODY = YES;
				CLANG_WARN_ENUM_CONVERSION = YES;
				CLANG_WARN_INT_CONVERSION = YES;
				CLANG_WARN_OBJC_ROOT_CLASS = YES_ERROR;
				CLANG_WARN_UNREACHABLE_CODE = YES;
				CLANG_WARN__DUPLICATE_METHOD_MATCH = YES;
				"CODE_SIGN_IDENTITY[sdk=iphoneos*]" = "iPhone Developer";
				COPY_PHASE_STRIP = NO;
				ENABLE_STRICT_OBJC_MSGSEND = YES;
				GCC_C_LANGUAGE_STANDARD = gnu99;
				GCC_DYNAMIC_NO_PIC = NO;
				GCC_OPTIMIZATION_LEVEL = 0;
				GCC_PREFIX_HEADER = "";
				GCC_PREPROCESSOR_DEFINITIONS = (
					"DEBUG=1",
					"$(inherited)",
				);
				GCC_SYMBOLS_PRIVATE_EXTERN = NO;
				GCC_WARN_64_TO_32_BIT_CONVERSION = YES;
				GCC_WARN_ABOUT_RETURN_TYPE = YES_ERROR;
				GCC_WARN_UNDECLARED_SELECTOR = YES;
				GCC_WARN_UNINITIALIZED_AUTOS = YES_AGGRESSIVE;
				GCC_WARN_UNUSED_FUNCTION = YES;
				GCC_WARN_UNUSED_VARIABLE = YES;
				IPHONEOS_DEPLOYMENT_TARGET = 8.2;
				MTL_ENABLE_DEBUG_INFO = YES;
				ONLY_ACTIVE_ARCH = YES;
				SDKROOT = iphoneos;
				TARGETED_DEVICE_FAMILY = "1,2";
			};
			name = Debug;
		};
		EDDBA88C1ADD12D300442FB9 /* Release */ = {
			isa = XCBuildConfiguration;
			buildSettings = {
				ALWAYS_SEARCH_USER_PATHS = NO;
				CLANG_CXX_LANGUAGE_STANDARD = "gnu++0x";
				CLANG_CXX_LIBRARY = "libc++";
				CLANG_ENABLE_MODULES = YES;
				CLANG_ENABLE_OBJC_ARC = YES;
				CLANG_WARN_BOOL_CONVERSION = YES;
				CLANG_WARN_CONSTANT_CONVERSION = YES;
				CLANG_WARN_DIRECT_OBJC_ISA_USAGE = YES_ERROR;
				CLANG_WARN_EMPTY_BODY = YES;
				CLANG_WARN_ENUM_CONVERSION = YES;
				CLANG_WARN_INT_CONVERSION = YES;
				CLANG_WARN_OBJC_ROOT_CLASS = YES_ERROR;
				CLANG_WARN_UNREACHABLE_CODE = YES;
				CLANG_WARN__DUPLICATE_METHOD_MATCH = YES;
				"CODE_SIGN_IDENTITY[sdk=iphoneos*]" = "iPhone Developer";
				COPY_PHASE_STRIP = NO;
				ENABLE_NS_ASSERTIONS = NO;
				ENABLE_STRICT_OBJC_MSGSEND = YES;
				GCC_C_LANGUAGE_STANDARD = gnu99;
				GCC_PREFIX_HEADER = "";
				GCC_WARN_64_TO_32_BIT_CONVERSION = YES;
				GCC_WARN_ABOUT_RETURN_TYPE = YES_ERROR;
				GCC_WARN_UNDECLARED_SELECTOR = YES;
				GCC_WARN_UNINITIALIZED_AUTOS = YES_AGGRESSIVE;
				GCC_WARN_UNUSED_FUNCTION = YES;
				GCC_WARN_UNUSED_VARIABLE = YES;
				IPHONEOS_DEPLOYMENT_TARGET = 8.2;
				MTL_ENABLE_DEBUG_INFO = NO;
				SDKROOT = iphoneos;
				TARGETED_DEVICE_FAMILY = "1,2";
				VALIDATE_PRODUCT = YES;
			};
			name = Release;
		};
		EDDBA88E1ADD12D300442FB9 /* Debug */ = {
			isa = XCBuildConfiguration;
			baseConfigurationReference = A8F67E1C9071B75776D32ACA /* Pods-Prime-IOS.debug.xcconfig */;
			buildSettings = {
				ASSETCATALOG_COMPILER_APPICON_NAME = AppIcon;
				GCC_PRECOMPILE_PREFIX_HEADER = YES;
				GCC_PREFIX_HEADER = "$(SRCROOT)/Prime-IOS/PrefixHeader.pch";
				INFOPLIST_FILE = "Prime-IOS/Info.plist";
				LD_RUNPATH_SEARCH_PATHS = "$(inherited) @executable_path/Frameworks";
				PRODUCT_NAME = "$(TARGET_NAME)";
			};
			name = Debug;
		};
		EDDBA88F1ADD12D300442FB9 /* Release */ = {
			isa = XCBuildConfiguration;
			baseConfigurationReference = F825AA23A6CCFC729DF8636C /* Pods-Prime-IOS.release.xcconfig */;
			buildSettings = {
				ASSETCATALOG_COMPILER_APPICON_NAME = AppIcon;
				GCC_PRECOMPILE_PREFIX_HEADER = YES;
				GCC_PREFIX_HEADER = "$(SRCROOT)/Prime-IOS/PrefixHeader.pch";
				INFOPLIST_FILE = "Prime-IOS/Info.plist";
				LD_RUNPATH_SEARCH_PATHS = "$(inherited) @executable_path/Frameworks";
				PRODUCT_NAME = "$(TARGET_NAME)";
			};
			name = Release;
		};
		EDDBA8911ADD12D300442FB9 /* Debug */ = {
			isa = XCBuildConfiguration;
			buildSettings = {
				BUNDLE_LOADER = "$(TEST_HOST)";
				FRAMEWORK_SEARCH_PATHS = (
					"$(SDKROOT)/Developer/Library/Frameworks",
					"$(inherited)",
				);
				GCC_PREPROCESSOR_DEFINITIONS = (
					"DEBUG=1",
					"$(inherited)",
				);
				INFOPLIST_FILE = "Prime-IOSTests/Info.plist";
				LD_RUNPATH_SEARCH_PATHS = "$(inherited) @executable_path/Frameworks @loader_path/Frameworks";
				PRODUCT_NAME = "$(TARGET_NAME)";
				TEST_HOST = "$(BUILT_PRODUCTS_DIR)/Prime-IOS.app/Prime-IOS";
			};
			name = Debug;
		};
		EDDBA8921ADD12D300442FB9 /* Release */ = {
			isa = XCBuildConfiguration;
			buildSettings = {
				BUNDLE_LOADER = "$(TEST_HOST)";
				FRAMEWORK_SEARCH_PATHS = (
					"$(SDKROOT)/Developer/Library/Frameworks",
					"$(inherited)",
				);
				INFOPLIST_FILE = "Prime-IOSTests/Info.plist";
				LD_RUNPATH_SEARCH_PATHS = "$(inherited) @executable_path/Frameworks @loader_path/Frameworks";
				PRODUCT_NAME = "$(TARGET_NAME)";
				TEST_HOST = "$(BUILT_PRODUCTS_DIR)/Prime-IOS.app/Prime-IOS";
			};
			name = Release;
		};
/* End XCBuildConfiguration section */

/* Begin XCConfigurationList section */
		EDDBA8651ADD12D300442FB9 /* Build configuration list for PBXProject "Prime-IOS" */ = {
			isa = XCConfigurationList;
			buildConfigurations = (
				EDDBA88B1ADD12D300442FB9 /* Debug */,
				EDDBA88C1ADD12D300442FB9 /* Release */,
			);
			defaultConfigurationIsVisible = 0;
			defaultConfigurationName = Release;
		};
		EDDBA88D1ADD12D300442FB9 /* Build configuration list for PBXNativeTarget "Prime-IOS" */ = {
			isa = XCConfigurationList;
			buildConfigurations = (
				EDDBA88E1ADD12D300442FB9 /* Debug */,
				EDDBA88F1ADD12D300442FB9 /* Release */,
			);
			defaultConfigurationIsVisible = 0;
			defaultConfigurationName = Release;
		};
		EDDBA8901ADD12D300442FB9 /* Build configuration list for PBXNativeTarget "Prime-IOSTests" */ = {
			isa = XCConfigurationList;
			buildConfigurations = (
				EDDBA8911ADD12D300442FB9 /* Debug */,
				EDDBA8921ADD12D300442FB9 /* Release */,
			);
			defaultConfigurationIsVisible = 0;
			defaultConfigurationName = Release;
		};
/* End XCConfigurationList section */
	};
	rootObject = EDDBA8621ADD12D300442FB9 /* Project object */;
}
