// !$*UTF8*$!
{
	archiveVersion = 1;
	classes = {
	};
	objectVersion = 46;
	objects = {

/* Begin PBXBuildFile section */
		0BC004C93A24B4956369B63C /* Pods_Prime_iOS.framework in Frameworks */ = {isa = PBXBuildFile; fileRef = 5944A6711C69C8F915406DD4 /* Pods_Prime_iOS.framework */; settings = {ATTRIBUTES = (Weak, ); }; };
		5295ADE61B838FE1009A616C /* AppDelegate.swift in Sources */ = {isa = PBXBuildFile; fileRef = 5295ADE51B838FE1009A616C /* AppDelegate.swift */; };
		5295ADE81B838FE1009A616C /* ViewController.swift in Sources */ = {isa = PBXBuildFile; fileRef = 5295ADE71B838FE1009A616C /* ViewController.swift */; };
		5295ADEB1B838FE1009A616C /* Main.storyboard in Resources */ = {isa = PBXBuildFile; fileRef = 5295ADE91B838FE1009A616C /* Main.storyboard */; };
		5295ADED1B838FE1009A616C /* Images.xcassets in Resources */ = {isa = PBXBuildFile; fileRef = 5295ADEC1B838FE1009A616C /* Images.xcassets */; };
		5295ADF01B838FE1009A616C /* LaunchScreen.xib in Resources */ = {isa = PBXBuildFile; fileRef = 5295ADEE1B838FE1009A616C /* LaunchScreen.xib */; };
		5295ADFC1B838FE1009A616C /* Prime_iOSTests.swift in Sources */ = {isa = PBXBuildFile; fileRef = 5295ADFB1B838FE1009A616C /* Prime_iOSTests.swift */; };
/* End PBXBuildFile section */

/* Begin PBXContainerItemProxy section */
		5295ADF61B838FE1009A616C /* PBXContainerItemProxy */ = {
			isa = PBXContainerItemProxy;
			containerPortal = 5295ADD81B838FE1009A616C /* Project object */;
			proxyType = 1;
			remoteGlobalIDString = 5295ADDF1B838FE1009A616C;
			remoteInfo = "Prime-iOS";
		};
/* End PBXContainerItemProxy section */

/* Begin PBXFileReference section */
		5295ADE01B838FE1009A616C /* Prime-iOS.app */ = {isa = PBXFileReference; explicitFileType = wrapper.application; includeInIndex = 0; path = "Prime-iOS.app"; sourceTree = BUILT_PRODUCTS_DIR; };
		5295ADE41B838FE1009A616C /* Info.plist */ = {isa = PBXFileReference; lastKnownFileType = text.plist.xml; path = Info.plist; sourceTree = "<group>"; };
		5295ADE51B838FE1009A616C /* AppDelegate.swift */ = {isa = PBXFileReference; lastKnownFileType = sourcecode.swift; path = AppDelegate.swift; sourceTree = "<group>"; };
		5295ADE71B838FE1009A616C /* ViewController.swift */ = {isa = PBXFileReference; lastKnownFileType = sourcecode.swift; path = ViewController.swift; sourceTree = "<group>"; };
		5295ADEA1B838FE1009A616C /* Base */ = {isa = PBXFileReference; lastKnownFileType = file.storyboard; name = Base; path = Base.lproj/Main.storyboard; sourceTree = "<group>"; };
		5295ADEC1B838FE1009A616C /* Images.xcassets */ = {isa = PBXFileReference; lastKnownFileType = folder.assetcatalog; path = Images.xcassets; sourceTree = "<group>"; };
		5295ADEF1B838FE1009A616C /* Base */ = {isa = PBXFileReference; lastKnownFileType = file.xib; name = Base; path = Base.lproj/LaunchScreen.xib; sourceTree = "<group>"; };
		5295ADF51B838FE1009A616C /* Prime-iOSTests.xctest */ = {isa = PBXFileReference; explicitFileType = wrapper.cfbundle; includeInIndex = 0; path = "Prime-iOSTests.xctest"; sourceTree = BUILT_PRODUCTS_DIR; };
		5295ADFA1B838FE1009A616C /* Info.plist */ = {isa = PBXFileReference; lastKnownFileType = text.plist.xml; path = Info.plist; sourceTree = "<group>"; };
		5295ADFB1B838FE1009A616C /* Prime_iOSTests.swift */ = {isa = PBXFileReference; lastKnownFileType = sourcecode.swift; path = Prime_iOSTests.swift; sourceTree = "<group>"; };
		5944A6711C69C8F915406DD4 /* Pods_Prime_iOS.framework */ = {isa = PBXFileReference; explicitFileType = wrapper.framework; includeInIndex = 0; path = Pods_Prime_iOS.framework; sourceTree = BUILT_PRODUCTS_DIR; };
		F289F012BBFB4F45CC3432A6 /* Pods-Prime-iOS.debug.xcconfig */ = {isa = PBXFileReference; includeInIndex = 1; lastKnownFileType = text.xcconfig; name = "Pods-Prime-iOS.debug.xcconfig"; path = "Pods/Target Support Files/Pods-Prime-iOS/Pods-Prime-iOS.debug.xcconfig"; sourceTree = "<group>"; };
		FC4916BA08CBEB19F551D405 /* Pods-Prime-iOS.release.xcconfig */ = {isa = PBXFileReference; includeInIndex = 1; lastKnownFileType = text.xcconfig; name = "Pods-Prime-iOS.release.xcconfig"; path = "Pods/Target Support Files/Pods-Prime-iOS/Pods-Prime-iOS.release.xcconfig"; sourceTree = "<group>"; };
/* End PBXFileReference section */

/* Begin PBXFrameworksBuildPhase section */
		2691C181296DA48E7D4A99C7 /* Frameworks */ = {
			isa = PBXFrameworksBuildPhase;
			buildActionMask = 2147483647;
			files = (
				0BC004C93A24B4956369B63C /* Pods_Prime_iOS.framework in Frameworks */,
			);
			runOnlyForDeploymentPostprocessing = 0;
		};
		5295ADF21B838FE1009A616C /* Frameworks */ = {
			isa = PBXFrameworksBuildPhase;
			buildActionMask = 2147483647;
			files = (
			);
			runOnlyForDeploymentPostprocessing = 0;
		};
/* End PBXFrameworksBuildPhase section */

/* Begin PBXGroup section */
		5295ADD71B838FE1009A616C = {
			isa = PBXGroup;
			children = (
				5295ADE21B838FE1009A616C /* Prime-iOS */,
				5295ADF81B838FE1009A616C /* Prime-iOSTests */,
				5295ADE11B838FE1009A616C /* Products */,
				928218CCDCAF324253FF5814 /* Pods */,
				F462F3073F84AEA83F6A4E2E /* Frameworks */,
			);
			sourceTree = "<group>";
		};
		5295ADE11B838FE1009A616C /* Products */ = {
			isa = PBXGroup;
			children = (
				5295ADE01B838FE1009A616C /* Prime-iOS.app */,
				5295ADF51B838FE1009A616C /* Prime-iOSTests.xctest */,
			);
			name = Products;
			sourceTree = "<group>";
		};
		5295ADE21B838FE1009A616C /* Prime-iOS */ = {
			isa = PBXGroup;
			children = (
				5295ADE51B838FE1009A616C /* AppDelegate.swift */,
				5295ADE71B838FE1009A616C /* ViewController.swift */,
				5295ADE91B838FE1009A616C /* Main.storyboard */,
				5295ADEC1B838FE1009A616C /* Images.xcassets */,
				5295ADEE1B838FE1009A616C /* LaunchScreen.xib */,
				5295ADE31B838FE1009A616C /* Supporting Files */,
			);
			path = "Prime-iOS";
			sourceTree = "<group>";
		};
		5295ADE31B838FE1009A616C /* Supporting Files */ = {
			isa = PBXGroup;
			children = (
				5295ADE41B838FE1009A616C /* Info.plist */,
			);
			name = "Supporting Files";
			sourceTree = "<group>";
		};
		5295ADF81B838FE1009A616C /* Prime-iOSTests */ = {
			isa = PBXGroup;
			children = (
				5295ADFB1B838FE1009A616C /* Prime_iOSTests.swift */,
				5295ADF91B838FE1009A616C /* Supporting Files */,
			);
			path = "Prime-iOSTests";
			sourceTree = "<group>";
		};
		5295ADF91B838FE1009A616C /* Supporting Files */ = {
			isa = PBXGroup;
			children = (
				5295ADFA1B838FE1009A616C /* Info.plist */,
			);
			name = "Supporting Files";
			sourceTree = "<group>";
		};
		928218CCDCAF324253FF5814 /* Pods */ = {
			isa = PBXGroup;
			children = (
				F289F012BBFB4F45CC3432A6 /* Pods-Prime-iOS.debug.xcconfig */,
				FC4916BA08CBEB19F551D405 /* Pods-Prime-iOS.release.xcconfig */,
			);
			name = Pods;
			sourceTree = "<group>";
		};
		F462F3073F84AEA83F6A4E2E /* Frameworks */ = {
			isa = PBXGroup;
			children = (
				5944A6711C69C8F915406DD4 /* Pods_Prime_iOS.framework */,
			);
			name = Frameworks;
			sourceTree = "<group>";
		};
/* End PBXGroup section */

/* Begin PBXNativeTarget section */
		5295ADDF1B838FE1009A616C /* Prime-iOS */ = {
			isa = PBXNativeTarget;
			buildConfigurationList = 5295ADFF1B838FE1009A616C /* Build configuration list for PBXNativeTarget "Prime-iOS" */;
			buildPhases = (
				1A38A403A26998663E538219 /* Check Pods Manifest.lock */,
				5295ADDC1B838FE1009A616C /* Sources */,
				5295ADDE1B838FE1009A616C /* Resources */,
				355062B45FC0B7D87ADD263C /* Copy Pods Resources */,
				2691C181296DA48E7D4A99C7 /* Frameworks */,
				B8F2F9B6217E0018DD573309 /* Embed Pods Frameworks */,
			);
			buildRules = (
			);
			dependencies = (
			);
			name = "Prime-iOS";
			productName = "Prime-iOS";
			productReference = 5295ADE01B838FE1009A616C /* Prime-iOS.app */;
			productType = "com.apple.product-type.application";
		};
		5295ADF41B838FE1009A616C /* Prime-iOSTests */ = {
			isa = PBXNativeTarget;
			buildConfigurationList = 5295AE021B838FE1009A616C /* Build configuration list for PBXNativeTarget "Prime-iOSTests" */;
			buildPhases = (
				5295ADF11B838FE1009A616C /* Sources */,
				5295ADF21B838FE1009A616C /* Frameworks */,
				5295ADF31B838FE1009A616C /* Resources */,
			);
			buildRules = (
			);
			dependencies = (
				5295ADF71B838FE1009A616C /* PBXTargetDependency */,
			);
			name = "Prime-iOSTests";
			productName = "Prime-iOSTests";
			productReference = 5295ADF51B838FE1009A616C /* Prime-iOSTests.xctest */;
			productType = "com.apple.product-type.bundle.unit-test";
		};
/* End PBXNativeTarget section */

/* Begin PBXProject section */
		5295ADD81B838FE1009A616C /* Project object */ = {
			isa = PBXProject;
			attributes = {
				LastUpgradeCheck = 0640;
				ORGANIZATIONNAME = EasyiOS;
				TargetAttributes = {
					5295ADDF1B838FE1009A616C = {
						CreatedOnToolsVersion = 6.4;
					};
					5295ADF41B838FE1009A616C = {
						CreatedOnToolsVersion = 6.4;
						TestTargetID = 5295ADDF1B838FE1009A616C;
					};
				};
			};
			buildConfigurationList = 5295ADDB1B838FE1009A616C /* Build configuration list for PBXProject "Prime-iOS" */;
			compatibilityVersion = "Xcode 3.2";
			developmentRegion = English;
			hasScannedForEncodings = 0;
			knownRegions = (
				en,
				Base,
			);
			mainGroup = 5295ADD71B838FE1009A616C;
			productRefGroup = 5295ADE11B838FE1009A616C /* Products */;
			projectDirPath = "";
			projectRoot = "";
			targets = (
				5295ADDF1B838FE1009A616C /* Prime-iOS */,
				5295ADF41B838FE1009A616C /* Prime-iOSTests */,
			);
		};
/* End PBXProject section */

/* Begin PBXResourcesBuildPhase section */
		5295ADDE1B838FE1009A616C /* Resources */ = {
			isa = PBXResourcesBuildPhase;
			buildActionMask = 2147483647;
			files = (
				5295ADEB1B838FE1009A616C /* Main.storyboard in Resources */,
				5295ADF01B838FE1009A616C /* LaunchScreen.xib in Resources */,
				5295ADED1B838FE1009A616C /* Images.xcassets in Resources */,
			);
			runOnlyForDeploymentPostprocessing = 0;
		};
		5295ADF31B838FE1009A616C /* Resources */ = {
			isa = PBXResourcesBuildPhase;
			buildActionMask = 2147483647;
			files = (
			);
			runOnlyForDeploymentPostprocessing = 0;
		};
/* End PBXResourcesBuildPhase section */

/* Begin PBXShellScriptBuildPhase section */
		1A38A403A26998663E538219 /* Check Pods Manifest.lock */ = {
			isa = PBXShellScriptBuildPhase;
			buildActionMask = 2147483647;
			files = (
			);
			inputPaths = (
			);
			name = "Check Pods Manifest.lock";
			outputPaths = (
			);
			runOnlyForDeploymentPostprocessing = 0;
			shellPath = /bin/sh;
			shellScript = "diff \"${PODS_ROOT}/../Podfile.lock\" \"${PODS_ROOT}/Manifest.lock\" > /dev/null\nif [[ $? != 0 ]] ; then\n    cat << EOM\nerror: The sandbox is not in sync with the Podfile.lock. Run 'pod install' or update your CocoaPods installation.\nEOM\n    exit 1\nfi\n";
			showEnvVarsInLog = 0;
		};
		355062B45FC0B7D87ADD263C /* Copy Pods Resources */ = {
			isa = PBXShellScriptBuildPhase;
			buildActionMask = 2147483647;
			files = (
			);
			inputPaths = (
			);
			name = "Copy Pods Resources";
			outputPaths = (
			);
			runOnlyForDeploymentPostprocessing = 0;
			shellPath = /bin/sh;
			shellScript = "\"${SRCROOT}/Pods/Target Support Files/Pods-Prime-iOS/Pods-Prime-iOS-resources.sh\"\n";
			showEnvVarsInLog = 0;
		};
		B8F2F9B6217E0018DD573309 /* Embed Pods Frameworks */ = {
			isa = PBXShellScriptBuildPhase;
			buildActionMask = 2147483647;
			files = (
			);
			inputPaths = (
			);
			name = "Embed Pods Frameworks";
			outputPaths = (
			);
			runOnlyForDeploymentPostprocessing = 0;
			shellPath = /bin/sh;
			shellScript = "\"${SRCROOT}/Pods/Target Support Files/Pods-Prime-iOS/Pods-Prime-iOS-frameworks.sh\"\n";
			showEnvVarsInLog = 0;
		};
/* End PBXShellScriptBuildPhase section */

/* Begin PBXSourcesBuildPhase section */
		5295ADDC1B838FE1009A616C /* Sources */ = {
			isa = PBXSourcesBuildPhase;
			buildActionMask = 2147483647;
			files = (
				5295ADE81B838FE1009A616C /* ViewController.swift in Sources */,
				5295ADE61B838FE1009A616C /* AppDelegate.swift in Sources */,
			);
			runOnlyForDeploymentPostprocessing = 0;
		};
		5295ADF11B838FE1009A616C /* Sources */ = {
			isa = PBXSourcesBuildPhase;
			buildActionMask = 2147483647;
			files = (
				5295ADFC1B838FE1009A616C /* Prime_iOSTests.swift in Sources */,
			);
			runOnlyForDeploymentPostprocessing = 0;
		};
/* End PBXSourcesBuildPhase section */

/* Begin PBXTargetDependency section */
		5295ADF71B838FE1009A616C /* PBXTargetDependency */ = {
			isa = PBXTargetDependency;
			target = 5295ADDF1B838FE1009A616C /* Prime-iOS */;
			targetProxy = 5295ADF61B838FE1009A616C /* PBXContainerItemProxy */;
		};
/* End PBXTargetDependency section */

/* Begin PBXVariantGroup section */
		5295ADE91B838FE1009A616C /* Main.storyboard */ = {
			isa = PBXVariantGroup;
			children = (
				5295ADEA1B838FE1009A616C /* Base */,
			);
			name = Main.storyboard;
			sourceTree = "<group>";
		};
		5295ADEE1B838FE1009A616C /* LaunchScreen.xib */ = {
			isa = PBXVariantGroup;
			children = (
				5295ADEF1B838FE1009A616C /* Base */,
			);
			name = LaunchScreen.xib;
			sourceTree = "<group>";
		};
/* End PBXVariantGroup section */

/* Begin XCBuildConfiguration section */
		5295ADFD1B838FE1009A616C /* Debug */ = {
			isa = XCBuildConfiguration;
			buildSettings = {
				ALWAYS_SEARCH_USER_PATHS = NO;
				CLANG_CXX_LANGUAGE_STANDARD = "gnu++0x";
				CLANG_CXX_LIBRARY = "libc++";
				CLANG_ENABLE_MODULES = YES;
				CLANG_ENABLE_OBJC_ARC = YES;
				CLANG_WARN_BOOL_CONVERSION = YES;
				CLANG_WARN_CONSTANT_CONVERSION = YES;
				CLANG_WARN_DIRECT_OBJC_ISA_USAGE = YES_ERROR;
				CLANG_WARN_EMPTY_BODY = YES;
				CLANG_WARN_ENUM_CONVERSION = YES;
				CLANG_WARN_INT_CONVERSION = YES;
				CLANG_WARN_OBJC_ROOT_CLASS = YES_ERROR;
				CLANG_WARN_UNREACHABLE_CODE = YES;
				CLANG_WARN__DUPLICATE_METHOD_MATCH = YES;
				"CODE_SIGN_IDENTITY[sdk=iphoneos*]" = "iPhone Developer";
				COPY_PHASE_STRIP = NO;
				DEBUG_INFORMATION_FORMAT = "dwarf-with-dsym";
				ENABLE_STRICT_OBJC_MSGSEND = YES;
				GCC_C_LANGUAGE_STANDARD = gnu99;
				GCC_DYNAMIC_NO_PIC = NO;
				GCC_NO_COMMON_BLOCKS = YES;
				GCC_OPTIMIZATION_LEVEL = 0;
				GCC_PREPROCESSOR_DEFINITIONS = (
					"DEBUG=1",
					"$(inherited)",
				);
				GCC_SYMBOLS_PRIVATE_EXTERN = NO;
				GCC_WARN_64_TO_32_BIT_CONVERSION = YES;
				GCC_WARN_ABOUT_RETURN_TYPE = YES_ERROR;
				GCC_WARN_UNDECLARED_SELECTOR = YES;
				GCC_WARN_UNINITIALIZED_AUTOS = YES_AGGRESSIVE;
				GCC_WARN_UNUSED_FUNCTION = YES;
				GCC_WARN_UNUSED_VARIABLE = YES;
				IPHONEOS_DEPLOYMENT_TARGET = 8.4;
				MTL_ENABLE_DEBUG_INFO = YES;
				ONLY_ACTIVE_ARCH = YES;
				SDKROOT = iphoneos;
				SWIFT_OPTIMIZATION_LEVEL = "-Onone";
			};
			name = Debug;
		};
		5295ADFE1B838FE1009A616C /* Release */ = {
			isa = XCBuildConfiguration;
			buildSettings = {
				ALWAYS_SEARCH_USER_PATHS = NO;
				CLANG_CXX_LANGUAGE_STANDARD = "gnu++0x";
				CLANG_CXX_LIBRARY = "libc++";
				CLANG_ENABLE_MODULES = YES;
				CLANG_ENABLE_OBJC_ARC = YES;
				CLANG_WARN_BOOL_CONVERSION = YES;
				CLANG_WARN_CONSTANT_CONVERSION = YES;
				CLANG_WARN_DIRECT_OBJC_ISA_USAGE = YES_ERROR;
				CLANG_WARN_EMPTY_BODY = YES;
				CLANG_WARN_ENUM_CONVERSION = YES;
				CLANG_WARN_INT_CONVERSION = YES;
				CLANG_WARN_OBJC_ROOT_CLASS = YES_ERROR;
				CLANG_WARN_UNREACHABLE_CODE = YES;
				CLANG_WARN__DUPLICATE_METHOD_MATCH = YES;
				"CODE_SIGN_IDENTITY[sdk=iphoneos*]" = "iPhone Developer";
				COPY_PHASE_STRIP = NO;
				DEBUG_INFORMATION_FORMAT = "dwarf-with-dsym";
				ENABLE_NS_ASSERTIONS = NO;
				ENABLE_STRICT_OBJC_MSGSEND = YES;
				GCC_C_LANGUAGE_STANDARD = gnu99;
				GCC_NO_COMMON_BLOCKS = YES;
				GCC_WARN_64_TO_32_BIT_CONVERSION = YES;
				GCC_WARN_ABOUT_RETURN_TYPE = YES_ERROR;
				GCC_WARN_UNDECLARED_SELECTOR = YES;
				GCC_WARN_UNINITIALIZED_AUTOS = YES_AGGRESSIVE;
				GCC_WARN_UNUSED_FUNCTION = YES;
				GCC_WARN_UNUSED_VARIABLE = YES;
				IPHONEOS_DEPLOYMENT_TARGET = 8.4;
				MTL_ENABLE_DEBUG_INFO = NO;
				SDKROOT = iphoneos;
				VALIDATE_PRODUCT = YES;
			};
			name = Release;
		};
		5295AE001B838FE1009A616C /* Debug */ = {
			isa = XCBuildConfiguration;
			baseConfigurationReference = F289F012BBFB4F45CC3432A6 /* Pods-Prime-iOS.debug.xcconfig */;
			buildSettings = {
				ASSETCATALOG_COMPILER_APPICON_NAME = AppIcon;
				INFOPLIST_FILE = "Prime-iOS/Info.plist";
				LD_RUNPATH_SEARCH_PATHS = "$(inherited) @executable_path/Frameworks";
				PRODUCT_NAME = "$(TARGET_NAME)";
			};
			name = Debug;
		};
		5295AE011B838FE1009A616C /* Release */ = {
			isa = XCBuildConfiguration;
			baseConfigurationReference = FC4916BA08CBEB19F551D405 /* Pods-Prime-iOS.release.xcconfig */;
			buildSettings = {
				ASSETCATALOG_COMPILER_APPICON_NAME = AppIcon;
				INFOPLIST_FILE = "Prime-iOS/Info.plist";
				LD_RUNPATH_SEARCH_PATHS = "$(inherited) @executable_path/Frameworks";
				PRODUCT_NAME = "$(TARGET_NAME)";
			};
			name = Release;
		};
		5295AE031B838FE1009A616C /* Debug */ = {
			isa = XCBuildConfiguration;
			buildSettings = {
				BUNDLE_LOADER = "$(TEST_HOST)";
				FRAMEWORK_SEARCH_PATHS = (
					"$(SDKROOT)/Developer/Library/Frameworks",
					"$(inherited)",
				);
				GCC_PREPROCESSOR_DEFINITIONS = (
					"DEBUG=1",
					"$(inherited)",
				);
				INFOPLIST_FILE = "Prime-iOSTests/Info.plist";
				LD_RUNPATH_SEARCH_PATHS = "$(inherited) @executable_path/Frameworks @loader_path/Frameworks";
				PRODUCT_NAME = "$(TARGET_NAME)";
				TEST_HOST = "$(BUILT_PRODUCTS_DIR)/Prime-iOS.app/Prime-iOS";
			};
			name = Debug;
		};
		5295AE041B838FE1009A616C /* Release */ = {
			isa = XCBuildConfiguration;
			buildSettings = {
				BUNDLE_LOADER = "$(TEST_HOST)";
				FRAMEWORK_SEARCH_PATHS = (
					"$(SDKROOT)/Developer/Library/Frameworks",
					"$(inherited)",
				);
				INFOPLIST_FILE = "Prime-iOSTests/Info.plist";
				LD_RUNPATH_SEARCH_PATHS = "$(inherited) @executable_path/Frameworks @loader_path/Frameworks";
				PRODUCT_NAME = "$(TARGET_NAME)";
				TEST_HOST = "$(BUILT_PRODUCTS_DIR)/Prime-iOS.app/Prime-iOS";
			};
			name = Release;
		};
/* End XCBuildConfiguration section */

/* Begin XCConfigurationList section */
		5295ADDB1B838FE1009A616C /* Build configuration list for PBXProject "Prime-iOS" */ = {
			isa = XCConfigurationList;
			buildConfigurations = (
				5295ADFD1B838FE1009A616C /* Debug */,
				5295ADFE1B838FE1009A616C /* Release */,
			);
			defaultConfigurationIsVisible = 0;
			defaultConfigurationName = Release;
		};
		5295ADFF1B838FE1009A616C /* Build configuration list for PBXNativeTarget "Prime-iOS" */ = {
			isa = XCConfigurationList;
			buildConfigurations = (
				5295AE001B838FE1009A616C /* Debug */,
				5295AE011B838FE1009A616C /* Release */,
			);
			defaultConfigurationIsVisible = 0;
			defaultConfigurationName = Release;
		};
		5295AE021B838FE1009A616C /* Build configuration list for PBXNativeTarget "Prime-iOSTests" */ = {
			isa = XCConfigurationList;
			buildConfigurations = (
				5295AE031B838FE1009A616C /* Debug */,
				5295AE041B838FE1009A616C /* Release */,
			);
			defaultConfigurationIsVisible = 0;
			defaultConfigurationName = Release;
		};
/* End XCConfigurationList section */
	};
	rootObject = 5295ADD81B838FE1009A616C /* Project object */;
}
